# THIS IS AN AUTOGENERATED FILE. DO NOT EDIT THIS FILE DIRECTLY.
# yarn lockfile v1


"@protobufjs/aspromise@^1.1.1", "@protobufjs/aspromise@^1.1.2":
  version "1.1.2"
  resolved "https://registry.npm.taobao.org/@protobufjs/aspromise/download/@protobufjs/aspromise-1.1.2.tgz#9b8b0cc663d669a7d8f6f5d0893a14d348f30fbf"
  integrity sha1-m4sMxmPWaafY9vXQiToU00jzD78=

"@protobufjs/base64@^1.1.2":
  version "1.1.2"
  resolved "https://registry.npm.taobao.org/@protobufjs/base64/download/@protobufjs/base64-1.1.2.tgz#4c85730e59b9a1f1f349047dbf24296034bb2735"
  integrity sha1-TIVzDlm5ofHzSQR9vyQpYDS7JzU=

"@protobufjs/codegen@^2.0.4":
  version "2.0.4"
  resolved "https://registry.npm.taobao.org/@protobufjs/codegen/download/@protobufjs/codegen-2.0.4.tgz#7ef37f0d010fb028ad1ad59722e506d9262815cb"
  integrity sha1-fvN/DQEPsCitGtWXIuUG2SYoFcs=

"@protobufjs/eventemitter@^1.1.0":
  version "1.1.0"
  resolved "https://registry.npm.taobao.org/@protobufjs/eventemitter/download/@protobufjs/eventemitter-1.1.0.tgz#355cbc98bafad5978f9ed095f397621f1d066b70"
  integrity sha1-NVy8mLr61ZePntCV85diHx0Ga3A=

"@protobufjs/fetch@^1.1.0":
  version "1.1.0"
  resolved "https://registry.npm.taobao.org/@protobufjs/fetch/download/@protobufjs/fetch-1.1.0.tgz#ba99fb598614af65700c1619ff06d454b0d84c45"
  integrity sha1-upn7WYYUr2VwDBYZ/wbUVLDYTEU=
  dependencies:
    "@protobufjs/aspromise" "^1.1.1"
    "@protobufjs/inquire" "^1.1.0"

"@protobufjs/float@^1.0.2":
  version "1.0.2"
  resolved "https://registry.nlark.com/@protobufjs/float/download/@protobufjs/float-1.0.2.tgz#5e9e1abdcb73fc0a7cb8b291df78c8cbd97b87d1"
  integrity sha1-Xp4avctz/Ap8uLKR33jIy9l7h9E=

"@protobufjs/inquire@^1.1.0":
  version "1.1.0"
  resolved "https://registry.npm.taobao.org/@protobufjs/inquire/download/@protobufjs/inquire-1.1.0.tgz#ff200e3e7cf2429e2dcafc1140828e8cc638f089"
  integrity sha1-/yAOPnzyQp4tyvwRQIKOjMY48Ik=

"@protobufjs/path@^1.1.2":
  version "1.1.2"
  resolved "https://registry.npm.taobao.org/@protobufjs/path/download/@protobufjs/path-1.1.2.tgz#6cc2b20c5c9ad6ad0dccfd21ca7673d8d7fbf68d"
  integrity sha1-bMKyDFya1q0NzP0hynZz2Nf79o0=

"@protobufjs/pool@^1.1.0":
  version "1.1.0"
  resolved "https://registry.npm.taobao.org/@protobufjs/pool/download/@protobufjs/pool-1.1.0.tgz#09fd15f2d6d3abfa9b65bc366506d6ad7846ff54"
  integrity sha1-Cf0V8tbTq/qbZbw2ZQbWrXhG/1Q=

"@protobufjs/utf8@^1.1.0":
  version "1.1.0"
  resolved "https://registry.npm.taobao.org/@protobufjs/utf8/download/@protobufjs/utf8-1.1.0.tgz#a777360b5b39a1a2e5106f8e858f2fd2d060c570"
  integrity sha1-p3c2C1s5oaLlEG+OhY8v0tBgxXA=

"@types/long@^4.0.1":
  version "4.0.1"
  resolved "https://registry.nlark.com/@types/long/download/@types/long-4.0.1.tgz?cache=0&sync_timestamp=1629708390445&other_urls=https%3A%2F%2Fregistry.nlark.com%2F%40types%2Flong%2Fdownload%2F%40types%2Flong-4.0.1.tgz#459c65fa1867dafe6a8f322c4c51695663cc55e9"
  integrity sha1-RZxl+hhn2v5qjzIsTFFpVmPMVek=

"@types/node@>=13.7.0":
  version "16.11.6"
  resolved "https://registry.npmmirror.com/@types/node/download/@types/node-16.11.6.tgz?cache=0&sync_timestamp=1635213425908&other_urls=https%3A%2F%2Fregistry.npmmirror.com%2F%40types%2Fnode%2Fdownload%2F%40types%2Fnode-16.11.6.tgz#6bef7a2a0ad684cf6e90fcfe31cecabd9ce0a3ae"
  integrity sha1-a+96KgrWhM9ukPz+Mc7KvZzgo64=

camelcase-keys@^6.2.2:
  version "6.2.2"
  resolved "https://registry.npmmirror.com/camelcase-keys/download/camelcase-keys-6.2.2.tgz?cache=0&sync_timestamp=1633332920208&other_urls=https%3A%2F%2Fregistry.npmmirror.com%2Fcamelcase-keys%2Fdownload%2Fcamelcase-keys-6.2.2.tgz#5e755d6ba51aa223ec7d3d52f25778210f9dc3c0"
  integrity sha1-XnVda6UaoiPsfT1S8ld4IQ+dw8A=
  dependencies:
    camelcase "^5.3.1"
    map-obj "^4.0.0"
    quick-lru "^4.0.1"

camelcase@^5.3.1:
  version "5.3.1"
  resolved "https://registry.npm.taobao.org/camelcase/download/camelcase-5.3.1.tgz?cache=0&sync_timestamp=1603921799543&other_urls=https%3A%2F%2Fregistry.npm.taobao.org%2Fcamelcase%2Fdownload%2Fcamelcase-5.3.1.tgz#e3c9b31569e106811df242f715725a1f4c494320"
  integrity sha1-48mzFWnhBoEd8kL3FXJaH0xJQyA=

long@^4.0.0:
  version "4.0.0"
  resolved "https://registry.npm.taobao.org/long/download/long-4.0.0.tgz#9a7b71cfb7d361a194ea555241c92f7468d5bf28"
  integrity sha1-mntxz7fTYaGU6lVSQckvdGjVvyg=

map-obj@^4.0.0:
  version "4.3.0"
  resolved "https://registry.npmmirror.com/map-obj/download/map-obj-4.3.0.tgz?cache=0&sync_timestamp=1634552719803&other_urls=https%3A%2F%2Fregistry.npmmirror.com%2Fmap-obj%2Fdownload%2Fmap-obj-4.3.0.tgz#9304f906e93faae70880da102a9f1df0ea8bb05a"
  integrity sha1-kwT5Buk/qucIgNoQKp8d8OqLsFo=

miniprogram-api-typings@^2.8.3-1:
  version "2.12.0"
  resolved "https://registry.nlark.com/miniprogram-api-typings/download/miniprogram-api-typings-2.12.0.tgz?cache=0&sync_timestamp=1629801931432&other_urls=https%3A%2F%2Fregistry.nlark.com%2Fminiprogram-api-typings%2Fdownload%2Fminiprogram-api-typings-2.12.0.tgz#7a29c90f3e5efa36588422d1f01e22d3394aaaa1"
  integrity sha1-einJDz5e+jZYhCLR8B4i0zlKqqE=

protobufjs@^6.10.1:
  version "6.11.2"
  resolved "https://registry.nlark.com/protobufjs/download/protobufjs-6.11.2.tgz?cache=0&sync_timestamp=1619804253258&other_urls=https%3A%2F%2Fregistry.nlark.com%2Fprotobufjs%2Fdownload%2Fprotobufjs-6.11.2.tgz#de39fabd4ed32beaa08e9bb1e30d08544c1edf8b"
  integrity sha1-3jn6vU7TK+qgjpux4w0IVEwe34s=
  dependencies:
    "@protobufjs/aspromise" "^1.1.2"
    "@protobufjs/base64" "^1.1.2"
    "@protobufjs/codegen" "^2.0.4"
    "@protobufjs/eventemitter" "^1.1.0"
    "@protobufjs/fetch" "^1.1.0"
    "@protobufjs/float" "^1.0.2"
    "@protobufjs/inquire" "^1.1.0"
    "@protobufjs/path" "^1.1.2"
    "@protobufjs/pool" "^1.1.0"
    "@protobufjs/utf8" "^1.1.0"
    "@types/long" "^4.0.1"
    "@types/node" ">=13.7.0"
    long "^4.0.0"

quick-lru@^4.0.1:
  version "4.0.1"
  resolved "https://registry.nlark.com/quick-lru/download/quick-lru-4.0.1.tgz#5b8878f113a58217848c6482026c73e1ba57727f"
  integrity sha1-W4h48ROlgheEjGSCAmxz4bpXcn8=

typescript@^3.3.3333:
  version "3.9.10"
  resolved "https://registry.npmmirror.com/typescript/download/typescript-3.9.10.tgz#70f3910ac7a51ed6bef79da7800690b19bf778b8"
  integrity sha1-cPORCselHta+952ngAaQsZv3eLg=
